// !$*UTF8*$!
{
	archiveVersion = 1;
	classes = {
	};
	objectVersion = 110;
	objects = {

/* Begin PBXBuildFile section */
		2A66B3553065852B002184A8 /* AppDelegate.swift in Sources */ = {isa = PBXBuildFile; fileRef = 2A66B3543065852B002184A8 /* AppDelegate.swift */; };
		2A66B3593065852B002184A8 /* Main.html in Resources */ = {isa = PBXBuildFile; fileRef = 2A66B3573065852B002184A8 /* Main.html */; };
		2A66B35B3065852B002184A8 /* Icon.png in Resources */ = {isa = PBXBuildFile; fileRef = 2A66B35A3065852B002184A8 /* Icon.png */; };
		2A66B35D3065852B002184A8 /* Style.css in Resources */ = {isa = PBXBuildFile; fileRef = 2A66B35C3065852B002184A8 /* Style.css */; };
		2A66B35F3065852B002184A8 /* Script.js in Resources */ = {isa = PBXBuildFile; fileRef = 2A66B35E3065852B002184A8 /* Script.js */; };
		2A66B3613065852B002184A8 /* ViewController.swift in Sources */ = {isa = PBXBuildFile; fileRef = 2A66B3603065852B002184A8 /* ViewController.swift */; };
		2A66B3643065852B002184A8 /* Main.storyboard in Resources */ = {isa = PBXBuildFile; fileRef = 2A66B3623065852B002184A8 /* Main.storyboard */; };
		2A66B3663065852D002184A8 /* Assets.xcassets in Resources */ = {isa = PBXBuildFile; fileRef = 2A66B3653065852D002184A8 /* Assets.xcassets */; };
		2A66B36D3065852D002184A8 /* Deck Compare Extension.appex in Embed Foundation Extensions */ = {isa = PBXBuildFile; fileRef = 2A66B36C3065852D002184A8 /* Deck Compare Extension.appex */; settings = {ATTRIBUTES = (RemoveHeadersOnCopy, ); }; };
		2A66B3723065852D002184A8 /* SafariWebExtensionHandler.swift in Sources */ = {isa = PBXBuildFile; fileRef = 2A66B3713065852D002184A8 /* SafariWebExtensionHandler.swift */; };
		2A66B3933065852D002184A8 /* compare.html in Resources */ = {isa = PBXBuildFile; fileRef = 2A66B37E3065852D002184A8 /* compare.html */; };
		2A66B3943065852D002184A8 /* theme.css in Resources */ = {isa = PBXBuildFile; fileRef = 2A66B37F3065852D002184A8 /* theme.css */; };
		2A66B3953065852D002184A8 /* popup.js in Resources */ = {isa = PBXBuildFile; fileRef = 2A66B3803065852D002184A8 /* popup.js */; };
		2A66B3963065852D002184A8 /* inject-button.js in Resources */ = {isa = PBXBuildFile; fileRef = 2A66B3813065852D002184A8 /* inject-button.js */; };
		2A66B3973065852D002184A8 /* parsers.js in Resources */ = {isa = PBXBuildFile; fileRef = 2A66B3823065852D002184A8 /* parsers.js */; };
		2A66B3983065852D002184A8 /* privacy-policy.html in Resources */ = {isa = PBXBuildFile; fileRef = 2A66B3833065852D002184A8 /* privacy-policy.html */; };
		2A66B3993065852D002184A8 /* background.js in Resources */ = {isa = PBXBuildFile; fileRef = 2A66B3843065852D002184A8 /* background.js */; };
		2A66B39A3065852D002184A8 /* popup.html in Resources */ = {isa = PBXBuildFile; fileRef = 2A66B3853065852D002184A8 /* popup.html */; };
		2A66B39B3065852D002184A8 /* inject-archetype.js in Resources */ = {isa = PBXBuildFile; fileRef = 2A66B3863065852D002184A8 /* inject-archetype.js */; };
		2A66B39C3065852D002184A8 /* dom-parsers.js in Resources */ = {isa = PBXBuildFile; fileRef = 2A66B3873065852D002184A8 /* dom-parsers.js */; };
		2A66B39D3065852D002184A8 /* pool.html in Resources */ = {isa = PBXBuildFile; fileRef = 2A66B3883065852D002184A8 /* pool.html */; };
		2A66B39E3065852D002184A8 /* pool-analyze.js in Resources */ = {isa = PBXBuildFile; fileRef = 2A66B3893065852D002184A8 /* pool-analyze.js */; };
		2A66B39F3065852D002184A8 /* enrich.js in Resources */ = {isa = PBXBuildFile; fileRef = 2A66B38A3065852D002184A8 /* enrich.js */; };
		2A66B3A03065852D002184A8 /* pool.js in Resources */ = {isa = PBXBuildFile; fileRef = 2A66B38B3065852D002184A8 /* pool.js */; };
		2A66B3A13065852D002184A8 /* icons in Resources */ = {isa = PBXBuildFile; fileRef = 2A66B38C3065852D002184A8 /* icons */; };
		2A66B3A23065852D002184A8 /* manifest.json in Resources */ = {isa = PBXBuildFile; fileRef = 2A66B38D3065852D002184A8 /* manifest.json */; };
		2A66B3A33065852D002184A8 /* compare.js in Resources */ = {isa = PBXBuildFile; fileRef = 2A66B38E3065852D002184A8 /* compare.js */; };
		2A66B3A43065852D002184A8 /* _locales in Resources */ = {isa = PBXBuildFile; fileRef = 2A66B38F3065852D002184A8 /* _locales */; };
		2A66B3A53065852D002184A8 /* content.js in Resources */ = {isa = PBXBuildFile; fileRef = 2A66B3903065852D002184A8 /* content.js */; };
		2A66B3A63065852D002184A8 /* shared.js in Resources */ = {isa = PBXBuildFile; fileRef = 2A66B3913065852D002184A8 /* shared.js */; };
		2A66B3A73065852D002184A8 /* fonts in Resources */ = {isa = PBXBuildFile; fileRef = 2A66B3923065852D002184A8 /* fonts */; };
/* End PBXBuildFile section */

/* Begin PBXContainerItemProxy section */
		2A66B36E3065852D002184A8 /* PBXContainerItemProxy */ = {
			isa = PBXContainerItemProxy;
			containerPortal = 2A66B3493065852B002184A8 /* Project object */;
			proxyType = 1;
			remoteGlobalIDString = 2A66B36B3065852D002184A8;
			remoteInfo = "Deck Compare Extension";
		};
/* End PBXContainerItemProxy section */

/* Begin PBXCopyFilesBuildPhase section */
		2A66B3793065852D002184A8 /* Embed Foundation Extensions */ = {
			isa = PBXCopyFilesBuildPhase;
			dstPath = "";
			dstSubfolder = PlugIns;
			files = (
				2A66B36D3065852D002184A8 /* Deck Compare Extension.appex in Embed Foundation Extensions */,
			);
			name = "Embed Foundation Extensions";
		};
/* End PBXCopyFilesBuildPhase section */

/* Begin PBXFileReference section */
		2A66B3513065852B002184A8 /* Deck Compare.app */ = {isa = PBXFileReference; explicitFileType = wrapper.application; includeInIndex = 0; path = "Deck Compare.app"; sourceTree = BUILT_PRODUCTS_DIR; };
		2A66B3543065852B002184A8 /* AppDelegate.swift */ = {isa = PBXFileReference; lastKnownFileType = sourcecode.swift; path = AppDelegate.swift; sourceTree = "<group>"; };
		2A66B3583065852B002184A8 /* Base */ = {isa = PBXFileReference; lastKnownFileType = text.html; name = Base; path = Base.lproj/Main.html; sourceTree = "<group>"; };
		2A66B35A3065852B002184A8 /* Icon.png */ = {isa = PBXFileReference; lastKnownFileType = image.png; path = Icon.png; sourceTree = "<group>"; };
		2A66B35C3065852B002184A8 /* Style.css */ = {isa = PBXFileReference; lastKnownFileType = text.css; path = Style.css; sourceTree = "<group>"; };
		2A66B35E3065852B002184A8 /* Script.js */ = {isa = PBXFileReference; lastKnownFileType = sourcecode.javascript; path = Script.js; sourceTree = "<group>"; };
		2A66B3603065852B002184A8 /* ViewController.swift */ = {isa = PBXFileReference; lastKnownFileType = sourcecode.swift; path = ViewController.swift; sourceTree = "<group>"; };
		2A66B3633065852B002184A8 /* Base */ = {isa = PBXFileReference; lastKnownFileType = file.storyboard; name = Base; path = Base.lproj/Main.storyboard; sourceTree = "<group>"; };
		2A66B3653065852D002184A8 /* Assets.xcassets */ = {isa = PBXFileReference; lastKnownFileType = folder.assetcatalog; path = Assets.xcassets; sourceTree = "<group>"; };
		2A66B3673065852D002184A8 /* Info.plist */ = {isa = PBXFileReference; lastKnownFileType = text.plist.xml; path = Info.plist; sourceTree = "<group>"; };
		2A66B36C3065852D002184A8 /* Deck Compare Extension.appex */ = {isa = PBXFileReference; explicitFileType = "wrapper.app-extension"; includeInIndex = 0; path = "Deck Compare Extension.appex"; sourceTree = BUILT_PRODUCTS_DIR; };
		2A66B3713065852D002184A8 /* SafariWebExtensionHandler.swift */ = {isa = PBXFileReference; lastKnownFileType = sourcecode.swift; path = SafariWebExtensionHandler.swift; sourceTree = "<group>"; };
		2A66B3733065852D002184A8 /* Info.plist */ = {isa = PBXFileReference; lastKnownFileType = text.plist.xml; path = Info.plist; sourceTree = "<group>"; };
		2A66B37E3065852D002184A8 /* compare.html */ = {isa = PBXFileReference; lastKnownFileType = text.html; name = compare.html; path = ../../../dist/safari/compare.html; sourceTree = "<group>"; };
		2A66B37F3065852D002184A8 /* theme.css */ = {isa = PBXFileReference; lastKnownFileType = text.css; name = theme.css; path = ../../../dist/safari/theme.css; sourceTree = "<group>"; };
		2A66B3803065852D002184A8 /* popup.js */ = {isa = PBXFileReference; lastKnownFileType = sourcecode.javascript; name = popup.js; path = ../../../dist/safari/popup.js; sourceTree = "<group>"; };
		2A66B3813065852D002184A8 /* inject-button.js */ = {isa = PBXFileReference; lastKnownFileType = sourcecode.javascript; name = "inject-button.js"; path = "../../../dist/safari/inject-button.js"; sourceTree = "<group>"; };
		2A66B3823065852D002184A8 /* parsers.js */ = {isa = PBXFileReference; lastKnownFileType = sourcecode.javascript; name = parsers.js; path = ../../../dist/safari/parsers.js; sourceTree = "<group>"; };
		2A66B3833065852D002184A8 /* privacy-policy.html */ = {isa = PBXFileReference; lastKnownFileType = text.html; name = "privacy-policy.html"; path = "../../../dist/safari/privacy-policy.html"; sourceTree = "<group>"; };
		2A66B3843065852D002184A8 /* background.js */ = {isa = PBXFileReference; lastKnownFileType = sourcecode.javascript; name = background.js; path = ../../../dist/safari/background.js; sourceTree = "<group>"; };
		2A66B3853065852D002184A8 /* popup.html */ = {isa = PBXFileReference; lastKnownFileType = text.html; name = popup.html; path = ../../../dist/safari/popup.html; sourceTree = "<group>"; };
		2A66B3863065852D002184A8 /* inject-archetype.js */ = {isa = PBXFileReference; lastKnownFileType = sourcecode.javascript; name = "inject-archetype.js"; path = "../../../dist/safari/inject-archetype.js"; sourceTree = "<group>"; };
		2A66B3873065852D002184A8 /* dom-parsers.js */ = {isa = PBXFileReference; lastKnownFileType = sourcecode.javascript; name = "dom-parsers.js"; path = "../../../dist/safari/dom-parsers.js"; sourceTree = "<group>"; };
		2A66B3883065852D002184A8 /* pool.html */ = {isa = PBXFileReference; lastKnownFileType = text.html; name = pool.html; path = ../../../dist/safari/pool.html; sourceTree = "<group>"; };
		2A66B3893065852D002184A8 /* pool-analyze.js */ = {isa = PBXFileReference; lastKnownFileType = sourcecode.javascript; name = "pool-analyze.js"; path = "../../../dist/safari/pool-analyze.js"; sourceTree = "<group>"; };
		2A66B38A3065852D002184A8 /* enrich.js */ = {isa = PBXFileReference; lastKnownFileType = sourcecode.javascript; name = enrich.js; path = ../../../dist/safari/enrich.js; sourceTree = "<group>"; };
		2A66B38B3065852D002184A8 /* pool.js */ = {isa = PBXFileReference; lastKnownFileType = sourcecode.javascript; name = pool.js; path = ../../../dist/safari/pool.js; sourceTree = "<group>"; };
		2A66B38C3065852D002184A8 /* icons */ = {isa = PBXFileReference; lastKnownFileType = folder; name = icons; path = ../../../dist/safari/icons; sourceTree = "<group>"; };
		2A66B38D3065852D002184A8 /* manifest.json */ = {isa = PBXFileReference; lastKnownFileType = text.json; name = manifest.json; path = ../../../dist/safari/manifest.json; sourceTree = "<group>"; };
		2A66B38E3065852D002184A8 /* compare.js */ = {isa = PBXFileReference; lastKnownFileType = sourcecode.javascript; name = compare.js; path = ../../../dist/safari/compare.js; sourceTree = "<group>"; };
		2A66B38F3065852D002184A8 /* _locales */ = {isa = PBXFileReference; lastKnownFileType = folder; name = _locales; path = ../../../dist/safari/_locales; sourceTree = "<group>"; };
		2A66B3903065852D002184A8 /* content.js */ = {isa = PBXFileReference; lastKnownFileType = sourcecode.javascript; name = content.js; path = ../../../dist/safari/content.js; sourceTree = "<group>"; };
		2A66B3913065852D002184A8 /* shared.js */ = {isa = PBXFileReference; lastKnownFileType = sourcecode.javascript; name = shared.js; path = ../../../dist/safari/shared.js; sourceTree = "<group>"; };
		2A66B3923065852D002184A8 /* fonts */ = {isa = PBXFileReference; lastKnownFileType = folder; name = fonts; path = ../../../dist/safari/fonts; sourceTree = "<group>"; };
/* End PBXFileReference section */

/* Begin PBXFrameworksBuildPhase section */
		2A66B34E3065852B002184A8 /* Frameworks */ = {
			isa = PBXFrameworksBuildPhase;
			files = (
			);
		};
		2A66B3693065852D002184A8 /* Frameworks */ = {
			isa = PBXFrameworksBuildPhase;
			files = (
			);
		};
/* End PBXFrameworksBuildPhase section */

/* Begin PBXGroup section */
		2A66B3483065852B002184A8 = {
			isa = PBXGroup;
			children = (
				2A66B3533065852B002184A8 /* Deck Compare */,
				2A66B3703065852D002184A8 /* Deck Compare Extension */,
				2A66B3523065852B002184A8 /* Products */,
			);
			sourceTree = "<group>";
		};
		2A66B3523065852B002184A8 /* Products */ = {
			isa = PBXGroup;
			children = (
				2A66B3513065852B002184A8 /* Deck Compare.app */,
				2A66B36C3065852D002184A8 /* Deck Compare Extension.appex */,
			);
			name = Products;
			sourceTree = "<group>";
		};
		2A66B3533065852B002184A8 /* Deck Compare */ = {
			isa = PBXGroup;
			children = (
				2A66B3543065852B002184A8 /* AppDelegate.swift */,
				2A66B3603065852B002184A8 /* ViewController.swift */,
				2A66B3623065852B002184A8 /* Main.storyboard */,
				2A66B3653065852D002184A8 /* Assets.xcassets */,
				2A66B3673065852D002184A8 /* Info.plist */,
				2A66B3563065852B002184A8 /* Resources */,
			);
			path = "Deck Compare";
			sourceTree = "<group>";
		};
		2A66B3563065852B002184A8 /* Resources */ = {
			isa = PBXGroup;
			children = (
				2A66B3573065852B002184A8 /* Main.html */,
				2A66B35A3065852B002184A8 /* Icon.png */,
				2A66B35C3065852B002184A8 /* Style.css */,
				2A66B35E3065852B002184A8 /* Script.js */,
			);
			path = Resources;
			sourceTree = "<group>";
		};
		2A66B3703065852D002184A8 /* Deck Compare Extension */ = {
			isa = PBXGroup;
			children = (
				2A66B37D3065852D002184A8 /* Resources */,
				2A66B3713065852D002184A8 /* SafariWebExtensionHandler.swift */,
				2A66B3733065852D002184A8 /* Info.plist */,
			);
			path = "Deck Compare Extension";
			sourceTree = "<group>";
		};
		2A66B37D3065852D002184A8 /* Resources */ = {
			isa = PBXGroup;
			children = (
				2A66B37E3065852D002184A8 /* compare.html */,
				2A66B37F3065852D002184A8 /* theme.css */,
				2A66B3803065852D002184A8 /* popup.js */,
				2A66B3813065852D002184A8 /* inject-button.js */,
				2A66B3823065852D002184A8 /* parsers.js */,
				2A66B3833065852D002184A8 /* privacy-policy.html */,
				2A66B3843065852D002184A8 /* background.js */,
				2A66B3853065852D002184A8 /* popup.html */,
				2A66B3863065852D002184A8 /* inject-archetype.js */,
				2A66B3873065852D002184A8 /* dom-parsers.js */,
				2A66B3883065852D002184A8 /* pool.html */,
				2A66B3893065852D002184A8 /* pool-analyze.js */,
				2A66B38A3065852D002184A8 /* enrich.js */,
				2A66B38B3065852D002184A8 /* pool.js */,
				2A66B38C3065852D002184A8 /* icons */,
				2A66B38D3065852D002184A8 /* manifest.json */,
				2A66B38E3065852D002184A8 /* compare.js */,
				2A66B38F3065852D002184A8 /* _locales */,
				2A66B3903065852D002184A8 /* content.js */,
				2A66B3913065852D002184A8 /* shared.js */,
				2A66B3923065852D002184A8 /* fonts */,
			);
			name = Resources;
			path = "Deck Compare Extension";
			sourceTree = SOURCE_ROOT;
		};
/* End PBXGroup section */

/* Begin PBXNativeTarget section */
		2A66B3503065852B002184A8 /* Deck Compare */ = {
			isa = PBXNativeTarget;
			buildConfigurationList = 2A66B37A3065852D002184A8 /* Build configuration list for PBXNativeTarget "Deck Compare" */;
			buildPhases = (
				2A66B34D3065852B002184A8 /* Sources */,
				2A66B34E3065852B002184A8 /* Frameworks */,
				2A66B34F3065852B002184A8 /* Resources */,
				2A66B3793065852D002184A8 /* Embed Foundation Extensions */,
			);
			buildRules = (
			);
			dependencies = (
				2A66B36F3065852D002184A8 /* PBXTargetDependency */,
			);
			name = "Deck Compare";
			productName = "Deck Compare";
			productReference = 2A66B3513065852B002184A8 /* Deck Compare.app */;
			productType = "com.apple.product-type.application";
		};
		2A66B36B3065852D002184A8 /* Deck Compare Extension */ = {
			isa = PBXNativeTarget;
			buildConfigurationList = 2A66B3763065852D002184A8 /* Build configuration list for PBXNativeTarget "Deck Compare Extension" */;
			buildPhases = (
				2A66B3683065852D002184A8 /* Sources */,
				2A66B3693065852D002184A8 /* Frameworks */,
				2A66B36A3065852D002184A8 /* Resources */,
			);
			buildRules = (
			);
			name = "Deck Compare Extension";
			productName = "Deck Compare Extension";
			productReference = 2A66B36C3065852D002184A8 /* Deck Compare Extension.appex */;
			productType = "com.apple.product-type.app-extension";
		};
/* End PBXNativeTarget section */

/* Begin PBXProject section */
		2A66B3493065852B002184A8 /* Project object */ = {
			isa = PBXProject;
			attributes = {
				BuildIndependentTargetsInParallel = 1;
				LastSwiftUpdateCheck = 2700;
				LastUpgradeCheck = 2700;
				TargetAttributes = {
					2A66B3503065852B002184A8 = {
						CreatedOnToolsVersion = 27.0;
					};
					2A66B36B3065852D002184A8 = {
						CreatedOnToolsVersion = 27.0;
					};
				};
			};
			buildConfigurationList = 2A66B34C3065852B002184A8 /* Build configuration list for PBXProject "Deck Compare" */;
			developmentRegion = en;
			hasScannedForEncodings = 0;
			knownRegions = (
				en,
				Base,
			);
			mainGroup = 2A66B3483065852B002184A8;
			minimizedProjectReferenceProxies = 1;
			preferredProjectObjectVersion = 77;
			productRefGroup = 2A66B3523065852B002184A8 /* Products */;
			projectDirPath = "";
			projectRoot = "";
			targets = (
				2A66B3503065852B002184A8 /* Deck Compare */,
				2A66B36B3065852D002184A8 /* Deck Compare Extension */,
			);
		};
/* End PBXProject section */

/* Begin PBXResourcesBuildPhase section */
		2A66B34F3065852B002184A8 /* Resources */ = {
			isa = PBXResourcesBuildPhase;
			files = (
				2A66B35B3065852B002184A8 /* Icon.png in Resources */,
				2A66B3643065852B002184A8 /* Main.storyboard in Resources */,
				2A66B35F3065852B002184A8 /* Script.js in Resources */,
				2A66B3593065852B002184A8 /* Main.html in Resources */,
				2A66B3663065852D002184A8 /* Assets.xcassets in Resources */,
				2A66B35D3065852B002184A8 /* Style.css in Resources */,
			);
		};
		2A66B36A3065852D002184A8 /* Resources */ = {
			isa = PBXResourcesBuildPhase;
			files = (
				2A66B3A43065852D002184A8 /* _locales in Resources */,
				2A66B39B3065852D002184A8 /* inject-archetype.js in Resources */,
				2A66B39E3065852D002184A8 /* pool-analyze.js in Resources */,
				2A66B3A73065852D002184A8 /* fonts in Resources */,
				2A66B3A63065852D002184A8 /* shared.js in Resources */,
				2A66B3973065852D002184A8 /* parsers.js in Resources */,
				2A66B3A13065852D002184A8 /* icons in Resources */,
				2A66B39A3065852D002184A8 /* popup.html in Resources */,
				2A66B39F3065852D002184A8 /* enrich.js in Resources */,
				2A66B3983065852D002184A8 /* privacy-policy.html in Resources */,
				2A66B3A03065852D002184A8 /* pool.js in Resources */,
				2A66B3993065852D002184A8 /* background.js in Resources */,
				2A66B3933065852D002184A8 /* compare.html in Resources */,
				2A66B3963065852D002184A8 /* inject-button.js in Resources */,
				2A66B3A53065852D002184A8 /* content.js in Resources */,
				2A66B39D3065852D002184A8 /* pool.html in Resources */,
				2A66B3A23065852D002184A8 /* manifest.json in Resources */,
				2A66B3953065852D002184A8 /* popup.js in Resources */,
				2A66B3A33065852D002184A8 /* compare.js in Resources */,
				2A66B39C3065852D002184A8 /* dom-parsers.js in Resources */,
				2A66B3943065852D002184A8 /* theme.css in Resources */,
			);
		};
/* End PBXResourcesBuildPhase section */

/* Begin PBXSourcesBuildPhase section */
		2A66B34D3065852B002184A8 /* Sources */ = {
			isa = PBXSourcesBuildPhase;
			files = (
				2A66B3613065852B002184A8 /* ViewController.swift in Sources */,
				2A66B3553065852B002184A8 /* AppDelegate.swift in Sources */,
			);
		};
		2A66B3683065852D002184A8 /* Sources */ = {
			isa = PBXSourcesBuildPhase;
			files = (
				2A66B3723065852D002184A8 /* SafariWebExtensionHandler.swift in Sources */,
			);
		};
/* End PBXSourcesBuildPhase section */

/* Begin PBXTargetDependency section */
		2A66B36F3065852D002184A8 /* PBXTargetDependency */ = {
			isa = PBXTargetDependency;
			target = 2A66B36B3065852D002184A8 /* Deck Compare Extension */;
			targetProxy = 2A66B36E3065852D002184A8 /* PBXContainerItemProxy */;
		};
/* End PBXTargetDependency section */

/* Begin PBXVariantGroup section */
		2A66B3573065852B002184A8 /* Main.html */ = {
			isa = PBXVariantGroup;
			children = (
				2A66B3583065852B002184A8 /* Base */,
			);
			name = Main.html;
			sourceTree = "<group>";
		};
		2A66B3623065852B002184A8 /* Main.storyboard */ = {
			isa = PBXVariantGroup;
			children = (
				2A66B3633065852B002184A8 /* Base */,
			);
			name = Main.storyboard;
			sourceTree = "<group>";
		};
/* End PBXVariantGroup section */

/* Begin XCBuildConfiguration section */
		2A66B3743065852D002184A8 /* Debug configuration for PBXProject "Deck Compare" */ = {
			isa = XCBuildConfiguration;
			buildSettings = {
				ALWAYS_SEARCH_USER_PATHS = NO;
				ASSETCATALOG_COMPILER_GENERATE_SWIFT_ASSET_SYMBOL_EXTENSIONS = YES;
				CLANG_ANALYZER_NONNULL = YES;
				CLANG_ANALYZER_NUMBER_OBJECT_CONVERSION = YES_AGGRESSIVE;
				CLANG_CXX_LANGUAGE_STANDARD = "gnu++20";
				CLANG_ENABLE_MODULES = YES;
				CLANG_ENABLE_OBJC_ARC = YES;
				CLANG_ENABLE_OBJC_WEAK = YES;
				CLANG_WARN_BLOCK_CAPTURE_AUTORELEASING = YES;
				CLANG_WARN_BOOL_CONVERSION = YES;
				CLANG_WARN_COMMA = YES;
				CLANG_WARN_CONSTANT_CONVERSION = YES;
				CLANG_WARN_DEPRECATED_OBJC_IMPLEMENTATIONS = YES;
				CLANG_WARN_DIRECT_OBJC_ISA_USAGE = YES_ERROR;
				CLANG_WARN_DOCUMENTATION_COMMENTS = YES;
				CLANG_WARN_EMPTY_BODY = YES;
				CLANG_WARN_ENUM_CONVERSION = YES;
				CLANG_WARN_INFINITE_RECURSION = YES;
				CLANG_WARN_INT_CONVERSION = YES;
				CLANG_WARN_NON_LITERAL_NULL_CONVERSION = YES;
				CLANG_WARN_OBJC_IMPLICIT_RETAIN_SELF = YES;
				CLANG_WARN_OBJC_LITERAL_CONVERSION = YES;
				CLANG_WARN_OBJC_ROOT_CLASS = YES_ERROR;
				CLANG_WARN_QUOTED_INCLUDE_IN_FRAMEWORK_HEADER = YES;
				CLANG_WARN_RANGE_LOOP_ANALYSIS = YES;
				CLANG_WARN_STRICT_PROTOTYPES = YES;
				CLANG_WARN_SUSPICIOUS_MOVE = YES;
				CLANG_WARN_UNGUARDED_AVAILABILITY = YES_AGGRESSIVE;
				CLANG_WARN_UNREACHABLE_CODE = YES;
				CLANG_WARN__DUPLICATE_METHOD_MATCH = YES;
				COPY_PHASE_STRIP = NO;
				DEBUG_INFORMATION_FORMAT = dwarf;
				ENABLE_STRICT_OBJC_MSGSEND = YES;
				ENABLE_TESTABILITY = YES;
				ENABLE_USER_SCRIPT_SANDBOXING = YES;
				GCC_C_LANGUAGE_STANDARD = gnu17;
				GCC_DYNAMIC_NO_PIC = NO;
				GCC_NO_COMMON_BLOCKS = YES;
				GCC_OPTIMIZATION_LEVEL = 0;
				GCC_PREPROCESSOR_DEFINITIONS = (
					"DEBUG=1",
					"$(inherited)",
				);
				GCC_WARN_64_TO_32_BIT_CONVERSION = YES;
				GCC_WARN_ABOUT_RETURN_TYPE = YES_ERROR;
				GCC_WARN_UNDECLARED_SELECTOR = YES;
				GCC_WARN_UNINITIALIZED_AUTOS = YES_AGGRESSIVE;
				GCC_WARN_UNUSED_FUNCTION = YES;
				GCC_WARN_UNUSED_VARIABLE = YES;
				LOCALIZATION_PREFERS_STRING_CATALOGS = YES;
				MACOSX_DEPLOYMENT_TARGET = 12.0;
				MTL_ENABLE_DEBUG_INFO = INCLUDE_SOURCE;
				MTL_FAST_MATH = YES;
				ONLY_ACTIVE_ARCH = YES;
				SDKROOT = macosx;
				SWIFT_ACTIVE_COMPILATION_CONDITIONS = "DEBUG $(inherited)";
				SWIFT_OPTIMIZATION_LEVEL = "-Onone";
			};
			name = Debug;
		};
		2A66B3753065852D002184A8 /* Release configuration for PBXProject "Deck Compare" */ = {
			isa = XCBuildConfiguration;
			buildSettings = {
				ALWAYS_SEARCH_USER_PATHS = NO;
				ASSETCATALOG_COMPILER_GENERATE_SWIFT_ASSET_SYMBOL_EXTENSIONS = YES;
				CLANG_ANALYZER_NONNULL = YES;
				CLANG_ANALYZER_NUMBER_OBJECT_CONVERSION = YES_AGGRESSIVE;
				CLANG_CXX_LANGUAGE_STANDARD = "gnu++20";
				CLANG_ENABLE_MODULES = YES;
				CLANG_ENABLE_OBJC_ARC = YES;
				CLANG_ENABLE_OBJC_WEAK = YES;
				CLANG_WARN_BLOCK_CAPTURE_AUTORELEASING = YES;
				CLANG_WARN_BOOL_CONVERSION = YES;
				CLANG_WARN_COMMA = YES;
				CLANG_WARN_CONSTANT_CONVERSION = YES;
				CLANG_WARN_DEPRECATED_OBJC_IMPLEMENTATIONS = YES;
				CLANG_WARN_DIRECT_OBJC_ISA_USAGE = YES_ERROR;
				CLANG_WARN_DOCUMENTATION_COMMENTS = YES;
				CLANG_WARN_EMPTY_BODY = YES;
				CLANG_WARN_ENUM_CONVERSION = YES;
				CLANG_WARN_INFINITE_RECURSION = YES;
				CLANG_WARN_INT_CONVERSION = YES;
				CLANG_WARN_NON_LITERAL_NULL_CONVERSION = YES;
				CLANG_WARN_OBJC_IMPLICIT_RETAIN_SELF = YES;
				CLANG_WARN_OBJC_LITERAL_CONVERSION = YES;
				CLANG_WARN_OBJC_ROOT_CLASS = YES_ERROR;
				CLANG_WARN_QUOTED_INCLUDE_IN_FRAMEWORK_HEADER = YES;
				CLANG_WARN_RANGE_LOOP_ANALYSIS = YES;
				CLANG_WARN_STRICT_PROTOTYPES = YES;
				CLANG_WARN_SUSPICIOUS_MOVE = YES;
				CLANG_WARN_UNGUARDED_AVAILABILITY = YES_AGGRESSIVE;
				CLANG_WARN_UNREACHABLE_CODE = YES;
				CLANG_WARN__DUPLICATE_METHOD_MATCH = YES;
				COPY_PHASE_STRIP = NO;
				DEBUG_INFORMATION_FORMAT = "dwarf-with-dsym";
				ENABLE_NS_ASSERTIONS = NO;
				ENABLE_STRICT_OBJC_MSGSEND = YES;
				ENABLE_USER_SCRIPT_SANDBOXING = YES;
				GCC_C_LANGUAGE_STANDARD = gnu17;
				GCC_NO_COMMON_BLOCKS = YES;
				GCC_WARN_64_TO_32_BIT_CONVERSION = YES;
				GCC_WARN_ABOUT_RETURN_TYPE = YES_ERROR;
				GCC_WARN_UNDECLARED_SELECTOR = YES;
				GCC_WARN_UNINITIALIZED_AUTOS = YES_AGGRESSIVE;
				GCC_WARN_UNUSED_FUNCTION = YES;
				GCC_WARN_UNUSED_VARIABLE = YES;
				LOCALIZATION_PREFERS_STRING_CATALOGS = YES;
				MACOSX_DEPLOYMENT_TARGET = 12.0;
				MTL_ENABLE_DEBUG_INFO = NO;
				MTL_FAST_MATH = YES;
				SDKROOT = macosx;
				SWIFT_COMPILATION_MODE = wholemodule;
			};
			name = Release;
		};
		2A66B3773065852D002184A8 /* Debug configuration for PBXNativeTarget "Deck Compare Extension" */ = {
			isa = XCBuildConfiguration;
			buildSettings = {
				CODE_SIGN_STYLE = Automatic;
				DEVELOPMENT_TEAM = 6DTUA72PA3;
				CURRENT_PROJECT_VERSION = 2;
				ENABLE_APP_SANDBOX = YES;
				ENABLE_HARDENED_RUNTIME = YES;
				ENABLE_USER_SELECTED_FILES = readonly;
				GENERATE_INFOPLIST_FILE = YES;
				INFOPLIST_FILE = "Deck Compare Extension/Info.plist";
				INFOPLIST_KEY_CFBundleDisplayName = "Deck Compare Extension";
				INFOPLIST_KEY_NSHumanReadableCopyright = "";
				LD_RUNPATH_SEARCH_PATHS = (
					"$(inherited)",
					"@executable_path/../Frameworks",
					"@executable_path/../../../../Frameworks",
				);
				MACOSX_DEPLOYMENT_TARGET = 12.0;
				MARKETING_VERSION = 1.2;
				OTHER_LDFLAGS = (
					"-framework",
					SafariServices,
				);
				PRODUCT_BUNDLE_IDENTIFIER = io.github.mcouzinet.deckcompare.Extension;
				PRODUCT_NAME = "$(TARGET_NAME)";
				SKIP_INSTALL = YES;
				STRING_CATALOG_GENERATE_SYMBOLS = YES;
				SWIFT_APPROACHABLE_CONCURRENCY = YES;
				SWIFT_EMIT_LOC_STRINGS = YES;
				SWIFT_UPCOMING_FEATURE_MEMBER_IMPORT_VISIBILITY = YES;
				SWIFT_VERSION = 5.0;
			};
			name = Debug;
		};
		2A66B3783065852D002184A8 /* Release configuration for PBXNativeTarget "Deck Compare Extension" */ = {
			isa = XCBuildConfiguration;
			buildSettings = {
				CODE_SIGN_STYLE = Automatic;
				DEVELOPMENT_TEAM = 6DTUA72PA3;
				CURRENT_PROJECT_VERSION = 2;
				ENABLE_APP_SANDBOX = YES;
				ENABLE_HARDENED_RUNTIME = YES;
				ENABLE_USER_SELECTED_FILES = readonly;
				GENERATE_INFOPLIST_FILE = YES;
				INFOPLIST_FILE = "Deck Compare Extension/Info.plist";
				INFOPLIST_KEY_CFBundleDisplayName = "Deck Compare Extension";
				INFOPLIST_KEY_NSHumanReadableCopyright = "";
				LD_RUNPATH_SEARCH_PATHS = (
					"$(inherited)",
					"@executable_path/../Frameworks",
					"@executable_path/../../../../Frameworks",
				);
				MACOSX_DEPLOYMENT_TARGET = 12.0;
				MARKETING_VERSION = 1.2;
				OTHER_LDFLAGS = (
					"-framework",
					SafariServices,
				);
				PRODUCT_BUNDLE_IDENTIFIER = io.github.mcouzinet.deckcompare.Extension;
				PRODUCT_NAME = "$(TARGET_NAME)";
				SKIP_INSTALL = YES;
				STRING_CATALOG_GENERATE_SYMBOLS = YES;
				SWIFT_APPROACHABLE_CONCURRENCY = YES;
				SWIFT_EMIT_LOC_STRINGS = YES;
				SWIFT_UPCOMING_FEATURE_MEMBER_IMPORT_VISIBILITY = YES;
				SWIFT_VERSION = 5.0;
			};
			name = Release;
		};
		2A66B37B3065852D002184A8 /* Debug configuration for PBXNativeTarget "Deck Compare" */ = {
			isa = XCBuildConfiguration;
			buildSettings = {
				ASSETCATALOG_COMPILER_APPICON_NAME = AppIcon;
				ASSETCATALOG_COMPILER_GLOBAL_ACCENT_COLOR_NAME = AccentColor;
				CODE_SIGN_STYLE = Automatic;
				DEVELOPMENT_TEAM = 6DTUA72PA3;
				COMBINE_HIDPI_IMAGES = YES;
				CURRENT_PROJECT_VERSION = 2;
				ENABLE_APP_SANDBOX = YES;
				ENABLE_HARDENED_RUNTIME = YES;
				ENABLE_OUTGOING_NETWORK_CONNECTIONS = YES;
				ENABLE_USER_SELECTED_FILES = readonly;
				GENERATE_INFOPLIST_FILE = YES;
				INFOPLIST_FILE = "Deck Compare/Info.plist";
				INFOPLIST_KEY_ITSAppUsesNonExemptEncryption = NO;
				INFOPLIST_KEY_LSApplicationCategoryType = "public.app-category.entertainment";
				INFOPLIST_KEY_CFBundleDisplayName = "Deck Compare";
				INFOPLIST_KEY_NSHumanReadableCopyright = "";
				INFOPLIST_KEY_NSMainStoryboardFile = Main;
				INFOPLIST_KEY_NSPrincipalClass = NSApplication;
				INFOPLIST_KEY_NSViewGestureRecognizerIsExclusive = NO;
				LD_RUNPATH_SEARCH_PATHS = (
					"$(inherited)",
					"@executable_path/../Frameworks",
				);
				MARKETING_VERSION = 1.2;
				OTHER_LDFLAGS = (
					"-framework",
					SafariServices,
					"-framework",
					WebKit,
				);
				PRODUCT_BUNDLE_IDENTIFIER = io.github.mcouzinet.deckcompare;
				PRODUCT_NAME = "$(TARGET_NAME)";
				REGISTER_APP_GROUPS = YES;
				STRING_CATALOG_GENERATE_SYMBOLS = YES;
				SWIFT_APPROACHABLE_CONCURRENCY = YES;
				SWIFT_DEFAULT_ACTOR_ISOLATION = MainActor;
				SWIFT_EMIT_LOC_STRINGS = YES;
				SWIFT_UPCOMING_FEATURE_MEMBER_IMPORT_VISIBILITY = YES;
				SWIFT_VERSION = 5.0;
			};
			name = Debug;
		};
		2A66B37C3065852D002184A8 /* Release configuration for PBXNativeTarget "Deck Compare" */ = {
			isa = XCBuildConfiguration;
			buildSettings = {
				ASSETCATALOG_COMPILER_APPICON_NAME = AppIcon;
				ASSETCATALOG_COMPILER_GLOBAL_ACCENT_COLOR_NAME = AccentColor;
				CODE_SIGN_STYLE = Automatic;
				DEVELOPMENT_TEAM = 6DTUA72PA3;
				COMBINE_HIDPI_IMAGES = YES;
				CURRENT_PROJECT_VERSION = 2;
				ENABLE_APP_SANDBOX = YES;
				ENABLE_HARDENED_RUNTIME = YES;
				ENABLE_OUTGOING_NETWORK_CONNECTIONS = YES;
				ENABLE_USER_SELECTED_FILES = readonly;
				GENERATE_INFOPLIST_FILE = YES;
				INFOPLIST_FILE = "Deck Compare/Info.plist";
				INFOPLIST_KEY_ITSAppUsesNonExemptEncryption = NO;
				INFOPLIST_KEY_LSApplicationCategoryType = "public.app-category.entertainment";
				INFOPLIST_KEY_CFBundleDisplayName = "Deck Compare";
				INFOPLIST_KEY_NSHumanReadableCopyright = "";
				INFOPLIST_KEY_NSMainStoryboardFile = Main;
				INFOPLIST_KEY_NSPrincipalClass = NSApplication;
				INFOPLIST_KEY_NSViewGestureRecognizerIsExclusive = NO;
				LD_RUNPATH_SEARCH_PATHS = (
					"$(inherited)",
					"@executable_path/../Frameworks",
				);
				MARKETING_VERSION = 1.2;
				OTHER_LDFLAGS = (
					"-framework",
					SafariServices,
					"-framework",
					WebKit,
				);
				PRODUCT_BUNDLE_IDENTIFIER = io.github.mcouzinet.deckcompare;
				PRODUCT_NAME = "$(TARGET_NAME)";
				REGISTER_APP_GROUPS = YES;
				STRING_CATALOG_GENERATE_SYMBOLS = YES;
				SWIFT_APPROACHABLE_CONCURRENCY = YES;
				SWIFT_DEFAULT_ACTOR_ISOLATION = MainActor;
				SWIFT_EMIT_LOC_STRINGS = YES;
				SWIFT_UPCOMING_FEATURE_MEMBER_IMPORT_VISIBILITY = YES;
				SWIFT_VERSION = 5.0;
			};
			name = Release;
		};
/* End XCBuildConfiguration section */

/* Begin XCConfigurationList section */
		2A66B34C3065852B002184A8 /* Build configuration list for PBXProject "Deck Compare" */ = {
			isa = XCConfigurationList;
			buildConfigurations = (
				2A66B3743065852D002184A8 /* Debug configuration for PBXProject "Deck Compare" */,
				2A66B3753065852D002184A8 /* Release configuration for PBXProject "Deck Compare" */,
			);
			defaultConfigurationName = Release;
		};
		2A66B3763065852D002184A8 /* Build configuration list for PBXNativeTarget "Deck Compare Extension" */ = {
			isa = XCConfigurationList;
			buildConfigurations = (
				2A66B3773065852D002184A8 /* Debug configuration for PBXNativeTarget "Deck Compare Extension" */,
				2A66B3783065852D002184A8 /* Release configuration for PBXNativeTarget "Deck Compare Extension" */,
			);
			defaultConfigurationName = Release;
		};
		2A66B37A3065852D002184A8 /* Build configuration list for PBXNativeTarget "Deck Compare" */ = {
			isa = XCConfigurationList;
			buildConfigurations = (
				2A66B37B3065852D002184A8 /* Debug configuration for PBXNativeTarget "Deck Compare" */,
				2A66B37C3065852D002184A8 /* Release configuration for PBXNativeTarget "Deck Compare" */,
			);
			defaultConfigurationName = Release;
		};
/* End XCConfigurationList section */
	};
	rootObject = 2A66B3493065852B002184A8 /* Project object */;
	validationLevel = 1;
}
